
Microsoft Visual Studio Solution File, Format Version 12.00
# Visual Studio 15
VisualStudioVersion = 15.0.28307.1000
MinimumVisualStudioVersion = 10.0.40219.1
Project("{FAE04EC0-301F-11D3-BF4B-00C04F79EFBC}") = "Welcome", "Welcome\Welcome.csproj", "{5C235CEF-6F50-4592-A252-5EA66528CFD6}"
EndProject
Project("{FAE04EC0-301F-11D3-BF4B-00C04F79EFBC}") = "CadastroCliente", "CadastroCliente\CadastroCliente.csproj", "{4A4EB228-4481-4D34-9CFE-89F20EA02C86}"
EndProject
Project("{FAE04EC0-301F-11D3-BF4B-00C04F79EFBC}") = "lojaTinta", "lojaTinta\lojaTinta.csproj", "{82ABC988-5A19-49EB-A945-43FEBB3198AA}"
EndProject
Project("{FAE04EC0-301F-11D3-BF4B-00C04F79EFBC}") = "LojaTintaV2.0", "LojaTintaV2.0\LojaTintaV2.0.csproj", "{B682CA7D-3AF7-4A71-9C29-11DD92314530}"
EndProject
Project("{FAE04EC0-301F-11D3-BF4B-00C04F79EFBC}") = "AumentoSalario", "AumentoSalario\AumentoSalario.csproj", "{1902F698-0607-4D38-BB15-3481AC5D311F}"
EndProject
Project("{FAE04EC0-301F-11D3-BF4B-00C04F79EFBC}") = "OrdemDecrescente", "OrdemDecrescente\OrdemDecrescente.csproj", "{B4A67A8C-4C4A-497D-ABC4-CBF251772416}"
EndProject
Project("{FAE04EC0-301F-11D3-BF4B-00C04F79EFBC}") = "FolhaPagamento", "FolhaPagamento\FolhaPagamento.csproj", "{62355E3A-DA58-4E8B-9BC8-55FF35445DC0}"
EndProject
Project("{FAE04EC0-301F-11D3-BF4B-00C04F79EFBC}") = "DiaSemana", "DiaSemana\DiaSemana.csproj", "{43CB7AA5-C869-4E6A-B529-D00F0D100F86}"
EndProject
Project("{FAE04EC0-301F-11D3-BF4B-00C04F79EFBC}") = "Triangulo", "Triangulo\Triangulo.csproj", "{08D1D22D-011A-4F35-BB9F-7630C1753464}"
EndProject
Project("{FAE04EC0-301F-11D3-BF4B-00C04F79EFBC}") = "NotaInvalida", "NotaInvalida\NotaInvalida.csproj", "{1395247A-D11F-4D25-BCC4-6F5493699142}"
EndProject
Global
	GlobalSection(SolutionConfigurationPlatforms) = preSolution
		Debug|Any CPU = Debug|Any CPU
		Release|Any CPU = Release|Any CPU
	EndGlobalSection
	GlobalSection(ProjectConfigurationPlatforms) = postSolution
		{5C235CEF-6F50-4592-A252-5EA66528CFD6}.Debug|Any CPU.ActiveCfg = Debug|Any CPU
		{5C235CEF-6F50-4592-A252-5EA66528CFD6}.Debug|Any CPU.Build.0 = Debug|Any CPU
		{5C235CEF-6F50-4592-A252-5EA66528CFD6}.Release|Any CPU.ActiveCfg = Release|Any CPU
		{5C235CEF-6F50-4592-A252-5EA66528CFD6}.Release|Any CPU.Build.0 = Release|Any CPU
		{4A4EB228-4481-4D34-9CFE-89F20EA02C86}.Debug|Any CPU.ActiveCfg = Debug|Any CPU
		{4A4EB228-4481-4D34-9CFE-89F20EA02C86}.Debug|Any CPU.Build.0 = Debug|Any CPU
		{4A4EB228-4481-4D34-9CFE-89F20EA02C86}.Release|Any CPU.ActiveCfg = Release|Any CPU
		{4A4EB228-4481-4D34-9CFE-89F20EA02C86}.Release|Any CPU.Build.0 = Release|Any CPU
		{82ABC988-5A19-49EB-A945-43FEBB3198AA}.Debug|Any CPU.ActiveCfg = Debug|Any CPU
		{82ABC988-5A19-49EB-A945-43FEBB3198AA}.Debug|Any CPU.Build.0 = Debug|Any CPU
		{82ABC988-5A19-49EB-A945-43FEBB3198AA}.Release|Any CPU.ActiveCfg = Release|Any CPU
		{82ABC988-5A19-49EB-A945-43FEBB3198AA}.Release|Any CPU.Build.0 = Release|Any CPU
		{B682CA7D-3AF7-4A71-9C29-11DD92314530}.Debug|Any CPU.ActiveCfg = Debug|Any CPU
		{B682CA7D-3AF7-4A71-9C29-11DD92314530}.Debug|Any CPU.Build.0 = Debug|Any CPU
		{B682CA7D-3AF7-4A71-9C29-11DD92314530}.Release|Any CPU.ActiveCfg = Release|Any CPU
		{B682CA7D-3AF7-4A71-9C29-11DD92314530}.Release|Any CPU.Build.0 = Release|Any CPU
		{1902F698-0607-4D38-BB15-3481AC5D311F}.Debug|Any CPU.ActiveCfg = Debug|Any CPU
		{1902F698-0607-4D38-BB15-3481AC5D311F}.Debug|Any CPU.Build.0 = Debug|Any CPU
		{1902F698-0607-4D38-BB15-3481AC5D311F}.Release|Any CPU.ActiveCfg = Release|Any CPU
		{1902F698-0607-4D38-BB15-3481AC5D311F}.Release|Any CPU.Build.0 = Release|Any CPU
		{B4A67A8C-4C4A-497D-ABC4-CBF251772416}.Debug|Any CPU.ActiveCfg = Debug|Any CPU
		{B4A67A8C-4C4A-497D-ABC4-CBF251772416}.Debug|Any CPU.Build.0 = Debug|Any CPU
		{B4A67A8C-4C4A-497D-ABC4-CBF251772416}.Release|Any CPU.ActiveCfg = Release|Any CPU
		{B4A67A8C-4C4A-497D-ABC4-CBF251772416}.Release|Any CPU.Build.0 = Release|Any CPU
		{62355E3A-DA58-4E8B-9BC8-55FF35445DC0}.Debug|Any CPU.ActiveCfg = Debug|Any CPU
		{62355E3A-DA58-4E8B-9BC8-55FF35445DC0}.Debug|Any CPU.Build.0 = Debug|Any CPU
		{62355E3A-DA58-4E8B-9BC8-55FF35445DC0}.Release|Any CPU.ActiveCfg = Release|Any CPU
		{62355E3A-DA58-4E8B-9BC8-55FF35445DC0}.Release|Any CPU.Build.0 = Release|Any CPU
		{43CB7AA5-C869-4E6A-B529-D00F0D100F86}.Debug|Any CPU.ActiveCfg = Debug|Any CPU
		{43CB7AA5-C869-4E6A-B529-D00F0D100F86}.Debug|Any CPU.Build.0 = Debug|Any CPU
		{43CB7AA5-C869-4E6A-B529-D00F0D100F86}.Release|Any CPU.ActiveCfg = Release|Any CPU
		{43CB7AA5-C869-4E6A-B529-D00F0D100F86}.Release|Any CPU.Build.0 = Release|Any CPU
		{08D1D22D-011A-4F35-BB9F-7630C1753464}.Debug|Any CPU.ActiveCfg = Debug|Any CPU
		{08D1D22D-011A-4F35-BB9F-7630C1753464}.Debug|Any CPU.Build.0 = Debug|Any CPU
		{08D1D22D-011A-4F35-BB9F-7630C1753464}.Release|Any CPU.ActiveCfg = Release|Any CPU
		{08D1D22D-011A-4F35-BB9F-7630C1753464}.Release|Any CPU.Build.0 = Release|Any CPU
		{1395247A-D11F-4D25-BCC4-6F5493699142}.Debug|Any CPU.ActiveCfg = Debug|Any CPU
		{1395247A-D11F-4D25-BCC4-6F5493699142}.Debug|Any CPU.Build.0 = Debug|Any CPU
		{1395247A-D11F-4D25-BCC4-6F5493699142}.Release|Any CPU.ActiveCfg = Release|Any CPU
		{1395247A-D11F-4D25-BCC4-6F5493699142}.Release|Any CPU.Build.0 = Release|Any CPU
	EndGlobalSection
	GlobalSection(SolutionProperties) = preSolution
		HideSolutionNode = FALSE
	EndGlobalSection
	GlobalSection(ExtensibilityGlobals) = postSolution
		SolutionGuid = {B56C4E83-ED87-4E72-A6FE-760BBA8A3172}
	EndGlobalSection
EndGlobal
